// !$*UTF8*$!
{
	archiveVersion = 1;
	classes = {
	};
	objectVersion = 46;
	objects = {

/* Begin PBXBuildFile section */
		092572361D1876DE0016CE58 /* AppDelegate.swift in Sources */ = {isa = PBXBuildFile; fileRef = 092572351D1876DE0016CE58 /* AppDelegate.swift */; };
		092572381D1876DE0016CE58 /* ViewController.swift in Sources */ = {isa = PBXBuildFile; fileRef = 092572371D1876DE0016CE58 /* ViewController.swift */; };
		0925723B1D1876DE0016CE58 /* Main.storyboard in Resources */ = {isa = PBXBuildFile; fileRef = 092572391D1876DE0016CE58 /* Main.storyboard */; };
		0925723D1D1876DE0016CE58 /* Assets.xcassets in Resources */ = {isa = PBXBuildFile; fileRef = 0925723C1D1876DE0016CE58 /* Assets.xcassets */; };
		092572401D1876DE0016CE58 /* LaunchScreen.storyboard in Resources */ = {isa = PBXBuildFile; fileRef = 0925723E1D1876DE0016CE58 /* LaunchScreen.storyboard */; };
/* End PBXBuildFile section */

/* Begin PBXFileReference section */
		092572321D1876DD0016CE58 /* TestCode.app */ = {isa = PBXFileReference; explicitFileType = wrapper.application; includeInIndex = 0; path = TestCode.app; sourceTree = BUILT_PRODUCTS_DIR; };
		092572351D1876DE0016CE58 /* AppDelegate.swift */ = {isa = PBXFileReference; lastKnownFileType = sourcecode.swift; path = AppDelegate.swift; sourceTree = "<group>"; };
		092572371D1876DE0016CE58 /* ViewController.swift */ = {isa = PBXFileReference; lastKnownFileType = sourcecode.swift; path = ViewController.swift; sourceTree = "<group>"; };
		0925723A1D1876DE0016CE58 /* Base */ = {isa = PBXFileReference; lastKnownFileType = file.storyboard; name = Base; path = Base.lproj/Main.storyboard; sourceTree = "<group>"; };
		0925723C1D1876DE0016CE58 /* Assets.xcassets */ = {isa = PBXFileReference; lastKnownFileType = folder.assetcatalog; path = Assets.xcassets; sourceTree = "<group>"; };
		0925723F1D1876DE0016CE58 /* Base */ = {isa = PBXFileReference; lastKnownFileType = file.storyboard; name = Base; path = Base.lproj/LaunchScreen.storyboard; sourceTree = "<group>"; };
		092572411D1876DE0016CE58 /* Info.plist */ = {isa = PBXFileReference; lastKnownFileType = text.plist.xml; path = Info.plist; sourceTree = "<group>"; };
/* End PBXFileReference section */

/* Begin PBXFrameworksBuildPhase section */
		0925722F1D1876DD0016CE58 /* Frameworks */ = {
			isa = PBXFrameworksBuildPhase;
			buildActionMask = 2147483647;
			files = (
			);
			runOnlyForDeploymentPostprocessing = 0;
		};
/* End PBXFrameworksBuildPhase section */

/* Begin PBXGroup section */
		092572291D1876DD0016CE58 = {
			isa = PBXGroup;
			children = (
				092572341D1876DE0016CE58 /* TestCode */,
				092572331D1876DD0016CE58 /* Products */,
			);
			sourceTree = "<group>";
		};
		092572331D1876DD0016CE58 /* Products */ = {
			isa = PBXGroup;
			children = (
				092572321D1876DD0016CE58 /* TestCode.app */,
			);
			name = Products;
			sourceTree = "<group>";
		};
		092572341D1876DE0016CE58 /* TestCode */ = {
			isa = PBXGroup;
			children = (
				092572351D1876DE0016CE58 /* AppDelegate.swift */,
				092572371D1876DE0016CE58 /* ViewController.swift */,
				092572391D1876DE0016CE58 /* Main.storyboard */,
				0925723C1D1876DE0016CE58 /* Assets.xcassets */,
				0925723E1D1876DE0016CE58 /* LaunchScreen.storyboard */,
				092572411D1876DE0016CE58 /* Info.plist */,
			);
			path = TestCode;
			sourceTree = "<group>";
		};
/* End PBXGroup section */

/* Begin PBXNativeTarget section */
		092572311D1876DD0016CE58 /* TestCode */ = {
			isa = PBXNativeTarget;
			buildConfigurationList = 092572441D1876DE0016CE58 /* Build configuration list for PBXNativeTarget "TestCode" */;
			buildPhases = (
				0925722E1D1876DD0016CE58 /* Sources */,
				0925722F1D1876DD0016CE58 /* Frameworks */,
				092572301D1876DD0016CE58 /* Resources */,
			);
			buildRules = (
			);
			dependencies = (
			);
			name = TestCode;
			productName = TestCode;
			productReference = 092572321D1876DD0016CE58 /* TestCode.app */;
			productType = "com.apple.product-type.application";
		};
/* End PBXNativeTarget section */

/* Begin PBXProject section */
		0925722A1D1876DD0016CE58 /* Project object */ = {
			isa = PBXProject;
			attributes = {
				LastSwiftUpdateCheck = 0730;
				LastUpgradeCheck = 0730;
				ORGANIZATIONNAME = Perhapps;
				TargetAttributes = {
					092572311D1876DD0016CE58 = {
						CreatedOnToolsVersion = 7.3;
					};
				};
			};
			buildConfigurationList = 0925722D1D1876DD0016CE58 /* Build configuration list for PBXProject "TestCode" */;
			compatibilityVersion = "Xcode 3.2";
			developmentRegion = English;
			hasScannedForEncodings = 0;
			knownRegions = (
				en,
				Base,
			);
			mainGroup = 092572291D1876DD0016CE58;
			productRefGroup = 092572331D1876DD0016CE58 /* Products */;
			projectDirPath = "";
			projectRoot = "";
			targets = (
				092572311D1876DD0016CE58 /* TestCode */,
			);
		};
/* End PBXProject section */

/* Begin PBXResourcesBuildPhase section */
		092572301D1876DD0016CE58 /* Resources */ = {
			isa = PBXResourcesBuildPhase;
			buildActionMask = 2147483647;
			files = (
				092572401D1876DE0016CE58 /* LaunchScreen.storyboard in Resources */,
				0925723D1D1876DE0016CE58 /* Assets.xcassets in Resources */,
				0925723B1D1876DE0016CE58 /* Main.storyboard in Resources */,
			);
			runOnlyForDeploymentPostprocessing = 0;
		};
/* End PBXResourcesBuildPhase section */

/* Begin PBXSourcesBuildPhase section */
		0925722E1D1876DD0016CE58 /* Sources */ = {
			isa = PBXSourcesBuildPhase;
			buildActionMask = 2147483647;
			files = (
				092572381D1876DE0016CE58 /* ViewController.swift in Sources */,
				092572361D1876DE0016CE58 /* AppDelegate.swift in Sources */,
			);
			runOnlyForDeploymentPostprocessing = 0;
		};
/* End PBXSourcesBuildPhase section */

/* Begin PBXVariantGroup section */
		092572391D1876DE0016CE58 /* Main.storyboard */ = {
			isa = PBXVariantGroup;
			children = (
				0925723A1D1876DE0016CE58 /* Base */,
			);
			name = Main.storyboard;
			sourceTree = "<group>";
		};
		0925723E1D1876DE0016CE58 /* LaunchScreen.storyboard */ = {
			isa = PBXVariantGroup;
			children = (
				0925723F1D1876DE0016CE58 /* Base */,
			);
			name = LaunchScreen.storyboard;
			sourceTree = "<group>";
		};
/* End PBXVariantGroup section */

/* Begin XCBuildConfiguration section */
		092572421D1876DE0016CE58 /* Debug */ = {
			isa = XCBuildConfiguration;
			buildSettings = {
				ALWAYS_SEARCH_USER_PATHS = NO;
				CLANG_ANALYZER_NONNULL = YES;
				CLANG_CXX_LANGUAGE_STANDARD = "gnu++0x";
				CLANG_CXX_LIBRARY = "libc++";
				CLANG_ENABLE_MODULES = YES;
				CLANG_ENABLE_OBJC_ARC = YES;
				CLANG_WARN_BOOL_CONVERSION = YES;
				CLANG_WARN_CONSTANT_CONVERSION = YES;
				CLANG_WARN_DIRECT_OBJC_ISA_USAGE = YES_ERROR;
				CLANG_WARN_EMPTY_BODY = YES;
				CLANG_WARN_ENUM_CONVERSION = YES;
				CLANG_WARN_INT_CONVERSION = YES;
				CLANG_WARN_OBJC_ROOT_CLASS = YES_ERROR;
				CLANG_WARN_UNREACHABLE_CODE = YES;
				CLANG_WARN__DUPLICATE_METHOD_MATCH = YES;
				"CODE_SIGN_IDENTITY[sdk=iphoneos*]" = "iPhone Developer";
				COPY_PHASE_STRIP = NO;
				DEBUG_INFORMATION_FORMAT = dwarf;
				ENABLE_STRICT_OBJC_MSGSEND = YES;
				ENABLE_TESTABILITY = YES;
				GCC_C_LANGUAGE_STANDARD = gnu99;
				GCC_DYNAMIC_NO_PIC = NO;
				GCC_NO_COMMON_BLOCKS = YES;
				GCC_OPTIMIZATION_LEVEL = 0;
				GCC_PREPROCESSOR_DEFINITIONS = (
					"DEBUG=1",
					"$(inherited)",
				);
				GCC_WARN_64_TO_32_BIT_CONVERSION = YES;
				GCC_WARN_ABOUT_RETURN_TYPE = YES_ERROR;
				GCC_WARN_UNDECLARED_SELECTOR = YES;
				GCC_WARN_UNINITIALIZED_AUTOS = YES_AGGRESSIVE;
				GCC_WARN_UNUSED_FUNCTION = YES;
				GCC_WARN_UNUSED_VARIABLE = YES;
				IPHONEOS_DEPLOYMENT_TARGET = 9.3;
				MTL_ENABLE_DEBUG_INFO = YES;
				ONLY_ACTIVE_ARCH = YES;
				SDKROOT = iphoneos;
				SWIFT_OPTIMIZATION_LEVEL = "-Onone";
			};
			name = Debug;
		};
		092572431D1876DE0016CE58 /* Release */ = {
			isa = XCBuildConfiguration;
			buildSettings = {
				ALWAYS_SEARCH_USER_PATHS = NO;
				CLANG_ANALYZER_NONNULL = YES;
				CLANG_CXX_LANGUAGE_STANDARD = "gnu++0x";
				CLANG_CXX_LIBRARY = "libc++";
				CLANG_ENABLE_MODULES = YES;
				CLANG_ENABLE_OBJC_ARC = YES;
				CLANG_WARN_BOOL_CONVERSION = YES;
				CLANG_WARN_CONSTANT_CONVERSION = YES;
				CLANG_WARN_DIRECT_OBJC_ISA_USAGE = YES_ERROR;
				CLANG_WARN_EMPTY_BODY = YES;
				CLANG_WARN_ENUM_CONVERSION = YES;
				CLANG_WARN_INT_CONVERSION = YES;
				CLANG_WARN_OBJC_ROOT_CLASS = YES_ERROR;
				CLANG_WARN_UNREACHABLE_CODE = YES;
				CLANG_WARN__DUPLICATE_METHOD_MATCH = YES;
				"CODE_SIGN_IDENTITY[sdk=iphoneos*]" = "iPhone Developer";
				COPY_PHASE_STRIP = NO;
				DEBUG_INFORMATION_FORMAT = "dwarf-with-dsym";
				ENABLE_NS_ASSERTIONS = NO;
				ENABLE_STRICT_OBJC_MSGSEND = YES;
				GCC_C_LANGUAGE_STANDARD = gnu99;
				GCC_NO_COMMON_BLOCKS = YES;
				GCC_WARN_64_TO_32_BIT_CONVERSION = YES;
				GCC_WARN_ABOUT_RETURN_TYPE = YES_ERROR;
				GCC_WARN_UNDECLARED_SELECTOR = YES;
				GCC_WARN_UNINITIALIZED_AUTOS = YES_AGGRESSIVE;
				GCC_WARN_UNUSED_FUNCTION = YES;
				GCC_WARN_UNUSED_VARIABLE = YES;
				IPHONEOS_DEPLOYMENT_TARGET = 9.3;
				MTL_ENABLE_DEBUG_INFO = NO;
				SDKROOT = iphoneos;
				VALIDATE_PRODUCT = YES;
			};
			name = Release;
		};
		092572451D1876DE0016CE58 /* Debug */ = {
			isa = XCBuildConfiguration;
			buildSettings = {
				ASSETCATALOG_COMPILER_APPICON_NAME = AppIcon;
				INFOPLIST_FILE = TestCode/Info.plist;
				LD_RUNPATH_SEARCH_PATHS = "$(inherited) @executable_path/Frameworks";
				PRODUCT_BUNDLE_IDENTIFIER = net.perhapps.TestCode;
				PRODUCT_NAME = "$(TARGET_NAME)";
			};
			name = Debug;
		};
		092572461D1876DE0016CE58 /* Release */ = {
			isa = XCBuildConfiguration;
			buildSettings = {
				ASSETCATALOG_COMPILER_APPICON_NAME = AppIcon;
				INFOPLIST_FILE = TestCode/Info.plist;
				LD_RUNPATH_SEARCH_PATHS = "$(inherited) @executable_path/Frameworks";
				PRODUCT_BUNDLE_IDENTIFIER = net.perhapps.TestCode;
				PRODUCT_NAME = "$(TARGET_NAME)";
			};
			name = Release;
		};
/* End XCBuildConfiguration section */

/* Begin XCConfigurationList section */
		0925722D1D1876DD0016CE58 /* Build configuration list for PBXProject "TestCode" */ = {
			isa = XCConfigurationList;
			buildConfigurations = (
				092572421D1876DE0016CE58 /* Debug */,
				092572431D1876DE0016CE58 /* Release */,
			);
			defaultConfigurationIsVisible = 0;
			defaultConfigurationName = Release;
		};
		092572441D1876DE0016CE58 /* Build configuration list for PBXNativeTarget "TestCode" */ = {
			isa = XCConfigurationList;
			buildConfigurations = (
				092572451D1876DE0016CE58 /* Debug */,
				092572461D1876DE0016CE58 /* Release */,
			);
			defaultConfigurationIsVisible = 0;
		};
/* End XCConfigurationList section */
	};
	rootObject = 0925722A1D1876DD0016CE58 /* Project object */;
}
